
Microsoft Visual Studio Solution File, Format Version 12.00
# Visual Studio 2015
Project("{FAE04EC0-301F-11D3-BF4B-00C04F79EFBC}") = "Wake Up.CSharp", "Wake Up.CSharp.csproj", "{30D68ED9-3808-A58F-24A9-47B63749347B}"
EndProject
Global
	GlobalSection(SolutionConfigurationPlatforms) = preSolution
		Debug|Any CPU = Debug|Any CPU
		Release|Any CPU = Release|Any CPU
	EndGlobalSection
	GlobalSection(ProjectConfigurationPlatforms) = postSolution
		{30D68ED9-3808-A58F-24A9-47B63749347B}.Debug|Any CPU.ActiveCfg = Debug|Any CPU
		{30D68ED9-3808-A58F-24A9-47B63749347B}.Debug|Any CPU.Build.0 = Debug|Any CPU
		{30D68ED9-3808-A58F-24A9-47B63749347B}.Release|Any CPU.ActiveCfg = Release|Any CPU
		{30D68ED9-3808-A58F-24A9-47B63749347B}.Release|Any CPU.Build.0 = Release|Any CPU
	EndGlobalSection
	GlobalSection(SolutionProperties) = preSolution
		HideSolutionNode = FALSE
	EndGlobalSection
EndGlobal
